{
  "originHash" : "a31ed9a8e1103d2c46f085f28fd3303be16c655e7c5f31afa9e235adbe4e6d35",
  "pins" : [
    {
      "identity" : "catena",
      "kind" : "remoteSourceControl",
      "location" : "https://github.com/Fleuronic/Catena",
      "state" : {
        "branch" : "main",
        "revision" : "663d2e351e8d8ffdd0fc566c79cc46ad5d2db502"
      }
    },
    {
      "identity" : "catenary",
      "kind" : "remoteSourceControl",
      "location" : "https://github.com/Fleuronic/Catenary",
      "state" : {
        "branch" : "main",
        "revision" : "d3ece2a4f2418a27ce7c895a686de90b94469248"
      }
    },
    {
      "identity" : "identity",
      "kind" : "remoteSourceControl",
      "location" : "https://github.com/jordanekay/Identity",
      "state" : {
        "branch" : "master",
        "revision" : "8764a54c8e5ef0d14f3dc2ec5c10223ed0411a4d"
      }
    },
    {
      "identity" : "papyrus",
      "kind" : "remoteSourceControl",
      "location" : "https://github.com/jordanekay/papyrus",
      "state" : {
        "branch" : "main",
        "revision" : "ff604d6cca47a31a3e27588f6c5c155664175cb2"
      }
    },
    {
      "identity" : "schemata",
      "kind" : "remoteSourceControl",
      "location" : "https://github.com/jordanekay/Schemata",
      "state" : {
        "branch" : "master",
        "revision" : "b8722d45a75a755f17907ba6d3765c23e5e46a7a"
      }
    },
    {
      "identity" : "sociableweaver",
      "kind" : "remoteSourceControl",
      "location" : "https://github.com/NicholasBellucci/SociableWeaver.git",
      "state" : {
        "revision" : "dd8368fcf1f8fef5d672ea64775dc6f7b02d7a92",
        "version" : "0.1.12"
      }
    },
    {
      "identity" : "swift-memberwise-init-macro",
      "kind" : "remoteSourceControl",
      "location" : "https://github.com/gohanlon/swift-memberwise-init-macro",
      "state" : {
        "revision" : "47a2bdf45f1567e7324438f8482e362ee1c3fb44",
        "version" : "0.5.2"
      }
    },
    {
      "identity" : "swift-syntax",
      "kind" : "remoteSourceControl",
      "location" : "https://github.com/swiftlang/swift-syntax",
      "state" : {
        "revision" : "0687f71944021d616d34d922343dcef086855920",
        "version" : "600.0.1"
      }
    },
    {
      "identity" : "trivial",
      "kind" : "remoteSourceControl",
      "location" : "https://github.com/Fleuronic/Trivial",
      "state" : {
        "branch" : "main",
        "revision" : "043cd998fbbb7b5c140f9f45b9c035a9964ad3d9"
      }
    }
  ],
  "version" : 3
}
