{
  "originHash" : "af7388035697bde2ba5674b7479210d0816f5a462e9dd6871593a5a4a0b19fdd",
  "pins" : [
    {
      "identity" : "autocodable",
      "kind" : "remoteSourceControl",
      "location" : "https://github.com/jordanekay/AutoCodable",
      "state" : {
        "branch" : "swift-syntax",
        "revision" : "d3557dab1d4499a7f7a382fe4de52c3656c0fadd"
      }
    },
    {
      "identity" : "catena",
      "kind" : "remoteSourceControl",
      "location" : "https://github.com/Fleuronic/Catena",
      "state" : {
        "branch" : "main",
        "revision" : "4580b1b3d70f9108bd36da0adbc15e4697f94c8a"
      }
    },
    {
      "identity" : "catenary",
      "kind" : "remoteSourceControl",
      "location" : "https://github.com/Fleuronic/Catenary",
      "state" : {
        "branch" : "main",
        "revision" : "c6f17d5b913c2bf242a1ca44a3eb2e26972ee460"
      }
    },
    {
      "identity" : "identity",
      "kind" : "remoteSourceControl",
      "location" : "https://github.com/jordanekay/Identity",
      "state" : {
        "branch" : "master",
        "revision" : "8764a54c8e5ef0d14f3dc2ec5c10223ed0411a4d"
      }
    },
    {
      "identity" : "papyrus",
      "kind" : "remoteSourceControl",
      "location" : "https://github.com/jordanekay/papyrus",
      "state" : {
        "branch" : "main",
        "revision" : "ff604d6cca47a31a3e27588f6c5c155664175cb2"
      }
    },
    {
      "identity" : "schemata",
      "kind" : "remoteSourceControl",
      "location" : "https://github.com/jordanekay/Schemata",
      "state" : {
        "branch" : "master",
        "revision" : "d50bff691be79b0334e17b394de7dc13528d3944"
      }
    },
    {
      "identity" : "swift-memberwise-init-macro",
      "kind" : "remoteSourceControl",
      "location" : "https://github.com/gohanlon/swift-memberwise-init-macro",
      "state" : {
        "revision" : "47a2bdf45f1567e7324438f8482e362ee1c3fb44",
        "version" : "0.5.2"
      }
    },
    {
      "identity" : "swift-syntax",
      "kind" : "remoteSourceControl",
      "location" : "https://github.com/swiftlang/swift-syntax",
      "state" : {
        "revision" : "0687f71944021d616d34d922343dcef086855920",
        "version" : "600.0.1"
      }
    },
    {
      "identity" : "trivial",
      "kind" : "remoteSourceControl",
      "location" : "https://github.com/Fleuronic/Trivial",
      "state" : {
        "branch" : "main",
        "revision" : "d2296497806df57a09abfa181e026898ec8089b1"
      }
    },
    {
      "identity" : "trivialservice",
      "kind" : "remoteSourceControl",
      "location" : "https://github.com/Fleuronic/TrivialService",
      "state" : {
        "branch" : "main",
        "revision" : "4565e6f4154707e0a1503cccea5cbbeeccef537b"
      }
    }
  ],
  "version" : 3
}
